// !$*UTF8*$!
{
	archiveVersion = 1;
	classes = {
	};
	objectVersion = 55;
	objects = {

/* Begin PBXBuildFile section */
		F6D9B5E02805675000755389 /* firstApplication12042022App.swift in Sources */ = {isa = PBXBuildFile; fileRef = F6D9B5DF2805675000755389 /* firstApplication12042022App.swift */; };
		F6D9B5E22805675000755389 /* ContentView.swift in Sources */ = {isa = PBXBuildFile; fileRef = F6D9B5E12805675000755389 /* ContentView.swift */; };
		F6D9B5E42805675900755389 /* Assets.xcassets in Resources */ = {isa = PBXBuildFile; fileRef = F6D9B5E32805675900755389 /* Assets.xcassets */; };
		F6D9B5E72805675900755389 /* Preview Assets.xcassets in Resources */ = {isa = PBXBuildFile; fileRef = F6D9B5E62805675900755389 /* Preview Assets.xcassets */; };
		F6D9B5F12805675A00755389 /* firstApplication12042022Tests.swift in Sources */ = {isa = PBXBuildFile; fileRef = F6D9B5F02805675A00755389 /* firstApplication12042022Tests.swift */; };
		F6D9B5FB2805675A00755389 /* firstApplication12042022UITests.swift in Sources */ = {isa = PBXBuildFile; fileRef = F6D9B5FA2805675A00755389 /* firstApplication12042022UITests.swift */; };
		F6D9B5FD2805675A00755389 /* firstApplication12042022UITestsLaunchTests.swift in Sources */ = {isa = PBXBuildFile; fileRef = F6D9B5FC2805675A00755389 /* firstApplication12042022UITestsLaunchTests.swift */; };
		F6D9B64D2805818D00755389 /* secondeView.swift in Sources */ = {isa = PBXBuildFile; fileRef = F6D9B64C2805818D00755389 /* secondeView.swift */; };
/* End PBXBuildFile section */

/* Begin PBXContainerItemProxy section */
		F6D9B5ED2805675A00755389 /* PBXContainerItemProxy */ = {
			isa = PBXContainerItemProxy;
			containerPortal = F6D9B5D42805675000755389 /* Project object */;
			proxyType = 1;
			remoteGlobalIDString = F6D9B5DB2805675000755389;
			remoteInfo = firstApplication12042022;
		};
		F6D9B5F72805675A00755389 /* PBXContainerItemProxy */ = {
			isa = PBXContainerItemProxy;
			containerPortal = F6D9B5D42805675000755389 /* Project object */;
			proxyType = 1;
			remoteGlobalIDString = F6D9B5DB2805675000755389;
			remoteInfo = firstApplication12042022;
		};
/* End PBXContainerItemProxy section */

/* Begin PBXFileReference section */
		F6D9B5DC2805675000755389 /* firstApplication12042022.app */ = {isa = PBXFileReference; explicitFileType = wrapper.application; includeInIndex = 0; path = firstApplication12042022.app; sourceTree = BUILT_PRODUCTS_DIR; };
		F6D9B5DF2805675000755389 /* firstApplication12042022App.swift */ = {isa = PBXFileReference; lastKnownFileType = sourcecode.swift; path = firstApplication12042022App.swift; sourceTree = "<group>"; };
		F6D9B5E12805675000755389 /* ContentView.swift */ = {isa = PBXFileReference; lastKnownFileType = sourcecode.swift; path = ContentView.swift; sourceTree = "<group>"; };
		F6D9B5E32805675900755389 /* Assets.xcassets */ = {isa = PBXFileReference; lastKnownFileType = folder.assetcatalog; path = Assets.xcassets; sourceTree = "<group>"; };
		F6D9B5E62805675900755389 /* Preview Assets.xcassets */ = {isa = PBXFileReference; lastKnownFileType = folder.assetcatalog; path = "Preview Assets.xcassets"; sourceTree = "<group>"; };
		F6D9B5EC2805675A00755389 /* firstApplication12042022Tests.xctest */ = {isa = PBXFileReference; explicitFileType = wrapper.cfbundle; includeInIndex = 0; path = firstApplication12042022Tests.xctest; sourceTree = BUILT_PRODUCTS_DIR; };
		F6D9B5F02805675A00755389 /* firstApplication12042022Tests.swift */ = {isa = PBXFileReference; lastKnownFileType = sourcecode.swift; path = firstApplication12042022Tests.swift; sourceTree = "<group>"; };
		F6D9B5F62805675A00755389 /* firstApplication12042022UITests.xctest */ = {isa = PBXFileReference; explicitFileType = wrapper.cfbundle; includeInIndex = 0; path = firstApplication12042022UITests.xctest; sourceTree = BUILT_PRODUCTS_DIR; };
		F6D9B5FA2805675A00755389 /* firstApplication12042022UITests.swift */ = {isa = PBXFileReference; lastKnownFileType = sourcecode.swift; path = firstApplication12042022UITests.swift; sourceTree = "<group>"; };
		F6D9B5FC2805675A00755389 /* firstApplication12042022UITestsLaunchTests.swift */ = {isa = PBXFileReference; lastKnownFileType = sourcecode.swift; path = firstApplication12042022UITestsLaunchTests.swift; sourceTree = "<group>"; };
		F6D9B60928056F5C00755389 /* Info.plist */ = {isa = PBXFileReference; lastKnownFileType = text.plist; path = Info.plist; sourceTree = "<group>"; };
		F6D9B64C2805818D00755389 /* secondeView.swift */ = {isa = PBXFileReference; lastKnownFileType = sourcecode.swift; path = secondeView.swift; sourceTree = "<group>"; };
/* End PBXFileReference section */

/* Begin PBXFrameworksBuildPhase section */
		F6D9B5D92805675000755389 /* Frameworks */ = {
			isa = PBXFrameworksBuildPhase;
			buildActionMask = 2147483647;
			files = (
			);
			runOnlyForDeploymentPostprocessing = 0;
		};
		F6D9B5E92805675A00755389 /* Frameworks */ = {
			isa = PBXFrameworksBuildPhase;
			buildActionMask = 2147483647;
			files = (
			);
			runOnlyForDeploymentPostprocessing = 0;
		};
		F6D9B5F32805675A00755389 /* Frameworks */ = {
			isa = PBXFrameworksBuildPhase;
			buildActionMask = 2147483647;
			files = (
			);
			runOnlyForDeploymentPostprocessing = 0;
		};
/* End PBXFrameworksBuildPhase section */

/* Begin PBXGroup section */
		F6D9B5D32805675000755389 = {
			isa = PBXGroup;
			children = (
				F6D9B5DE2805675000755389 /* firstApplication12042022 */,
				F6D9B5EF2805675A00755389 /* firstApplication12042022Tests */,
				F6D9B5F92805675A00755389 /* firstApplication12042022UITests */,
				F6D9B5DD2805675000755389 /* Products */,
			);
			sourceTree = "<group>";
		};
		F6D9B5DD2805675000755389 /* Products */ = {
			isa = PBXGroup;
			children = (
				F6D9B5DC2805675000755389 /* firstApplication12042022.app */,
				F6D9B5EC2805675A00755389 /* firstApplication12042022Tests.xctest */,
				F6D9B5F62805675A00755389 /* firstApplication12042022UITests.xctest */,
			);
			name = Products;
			sourceTree = "<group>";
		};
		F6D9B5DE2805675000755389 /* firstApplication12042022 */ = {
			isa = PBXGroup;
			children = (
				F6D9B60928056F5C00755389 /* Info.plist */,
				F6D9B5DF2805675000755389 /* firstApplication12042022App.swift */,
				F6D9B5E12805675000755389 /* ContentView.swift */,
				F6D9B5E32805675900755389 /* Assets.xcassets */,
				F6D9B5E52805675900755389 /* Preview Content */,
				F6D9B64C2805818D00755389 /* secondeView.swift */,
			);
			path = firstApplication12042022;
			sourceTree = "<group>";
		};
		F6D9B5E52805675900755389 /* Preview Content */ = {
			isa = PBXGroup;
			children = (
				F6D9B5E62805675900755389 /* Preview Assets.xcassets */,
			);
			path = "Preview Content";
			sourceTree = "<group>";
		};
		F6D9B5EF2805675A00755389 /* firstApplication12042022Tests */ = {
			isa = PBXGroup;
			children = (
				F6D9B5F02805675A00755389 /* firstApplication12042022Tests.swift */,
			);
			path = firstApplication12042022Tests;
			sourceTree = "<group>";
		};
		F6D9B5F92805675A00755389 /* firstApplication12042022UITests */ = {
			isa = PBXGroup;
			children = (
				F6D9B5FA2805675A00755389 /* firstApplication12042022UITests.swift */,
				F6D9B5FC2805675A00755389 /* firstApplication12042022UITestsLaunchTests.swift */,
			);
			path = firstApplication12042022UITests;
			sourceTree = "<group>";
		};
/* End PBXGroup section */

/* Begin PBXNativeTarget section */
		F6D9B5DB2805675000755389 /* firstApplication12042022 */ = {
			isa = PBXNativeTarget;
			buildConfigurationList = F6D9B6002805675A00755389 /* Build configuration list for PBXNativeTarget "firstApplication12042022" */;
			buildPhases = (
				F6D9B5D82805675000755389 /* Sources */,
				F6D9B5D92805675000755389 /* Frameworks */,
				F6D9B5DA2805675000755389 /* Resources */,
			);
			buildRules = (
			);
			dependencies = (
			);
			name = firstApplication12042022;
			productName = firstApplication12042022;
			productReference = F6D9B5DC2805675000755389 /* firstApplication12042022.app */;
			productType = "com.apple.product-type.application";
		};
		F6D9B5EB2805675A00755389 /* firstApplication12042022Tests */ = {
			isa = PBXNativeTarget;
			buildConfigurationList = F6D9B6032805675A00755389 /* Build configuration list for PBXNativeTarget "firstApplication12042022Tests" */;
			buildPhases = (
				F6D9B5E82805675A00755389 /* Sources */,
				F6D9B5E92805675A00755389 /* Frameworks */,
				F6D9B5EA2805675A00755389 /* Resources */,
			);
			buildRules = (
			);
			dependencies = (
				F6D9B5EE2805675A00755389 /* PBXTargetDependency */,
			);
			name = firstApplication12042022Tests;
			productName = firstApplication12042022Tests;
			productReference = F6D9B5EC2805675A00755389 /* firstApplication12042022Tests.xctest */;
			productType = "com.apple.product-type.bundle.unit-test";
		};
		F6D9B5F52805675A00755389 /* firstApplication12042022UITests */ = {
			isa = PBXNativeTarget;
			buildConfigurationList = F6D9B6062805675A00755389 /* Build configuration list for PBXNativeTarget "firstApplication12042022UITests" */;
			buildPhases = (
				F6D9B5F22805675A00755389 /* Sources */,
				F6D9B5F32805675A00755389 /* Frameworks */,
				F6D9B5F42805675A00755389 /* Resources */,
			);
			buildRules = (
			);
			dependencies = (
				F6D9B5F82805675A00755389 /* PBXTargetDependency */,
			);
			name = firstApplication12042022UITests;
			productName = firstApplication12042022UITests;
			productReference = F6D9B5F62805675A00755389 /* firstApplication12042022UITests.xctest */;
			productType = "com.apple.product-type.bundle.ui-testing";
		};
/* End PBXNativeTarget section */

/* Begin PBXProject section */
		F6D9B5D42805675000755389 /* Project object */ = {
			isa = PBXProject;
			attributes = {
				BuildIndependentTargetsInParallel = 1;
				LastSwiftUpdateCheck = 1330;
				LastUpgradeCheck = 1330;
				TargetAttributes = {
					F6D9B5DB2805675000755389 = {
						CreatedOnToolsVersion = 13.3;
					};
					F6D9B5EB2805675A00755389 = {
						CreatedOnToolsVersion = 13.3;
						TestTargetID = F6D9B5DB2805675000755389;
					};
					F6D9B5F52805675A00755389 = {
						CreatedOnToolsVersion = 13.3;
						TestTargetID = F6D9B5DB2805675000755389;
					};
				};
			};
			buildConfigurationList = F6D9B5D72805675000755389 /* Build configuration list for PBXProject "firstApplication12042022" */;
			compatibilityVersion = "Xcode 13.0";
			developmentRegion = en;
			hasScannedForEncodings = 0;
			knownRegions = (
				en,
				Base,
			);
			mainGroup = F6D9B5D32805675000755389;
			productRefGroup = F6D9B5DD2805675000755389 /* Products */;
			projectDirPath = "";
			projectRoot = "";
			targets = (
				F6D9B5DB2805675000755389 /* firstApplication12042022 */,
				F6D9B5EB2805675A00755389 /* firstApplication12042022Tests */,
				F6D9B5F52805675A00755389 /* firstApplication12042022UITests */,
			);
		};
/* End PBXProject section */

/* Begin PBXResourcesBuildPhase section */
		F6D9B5DA2805675000755389 /* Resources */ = {
			isa = PBXResourcesBuildPhase;
			buildActionMask = 2147483647;
			files = (
				F6D9B5E72805675900755389 /* Preview Assets.xcassets in Resources */,
				F6D9B5E42805675900755389 /* Assets.xcassets in Resources */,
			);
			runOnlyForDeploymentPostprocessing = 0;
		};
		F6D9B5EA2805675A00755389 /* Resources */ = {
			isa = PBXResourcesBuildPhase;
			buildActionMask = 2147483647;
			files = (
			);
			runOnlyForDeploymentPostprocessing = 0;
		};
		F6D9B5F42805675A00755389 /* Resources */ = {
			isa = PBXResourcesBuildPhase;
			buildActionMask = 2147483647;
			files = (
			);
			runOnlyForDeploymentPostprocessing = 0;
		};
/* End PBXResourcesBuildPhase section */

/* Begin PBXSourcesBuildPhase section */
		F6D9B5D82805675000755389 /* Sources */ = {
			isa = PBXSourcesBuildPhase;
			buildActionMask = 2147483647;
			files = (
				F6D9B64D2805818D00755389 /* secondeView.swift in Sources */,
				F6D9B5E22805675000755389 /* ContentView.swift in Sources */,
				F6D9B5E02805675000755389 /* firstApplication12042022App.swift in Sources */,
			);
			runOnlyForDeploymentPostprocessing = 0;
		};
		F6D9B5E82805675A00755389 /* Sources */ = {
			isa = PBXSourcesBuildPhase;
			buildActionMask = 2147483647;
			files = (
				F6D9B5F12805675A00755389 /* firstApplication12042022Tests.swift in Sources */,
			);
			runOnlyForDeploymentPostprocessing = 0;
		};
		F6D9B5F22805675A00755389 /* Sources */ = {
			isa = PBXSourcesBuildPhase;
			buildActionMask = 2147483647;
			files = (
				F6D9B5FB2805675A00755389 /* firstApplication12042022UITests.swift in Sources */,
				F6D9B5FD2805675A00755389 /* firstApplication12042022UITestsLaunchTests.swift in Sources */,
			);
			runOnlyForDeploymentPostprocessing = 0;
		};
/* End PBXSourcesBuildPhase section */

/* Begin PBXTargetDependency section */
		F6D9B5EE2805675A00755389 /* PBXTargetDependency */ = {
			isa = PBXTargetDependency;
			target = F6D9B5DB2805675000755389 /* firstApplication12042022 */;
			targetProxy = F6D9B5ED2805675A00755389 /* PBXContainerItemProxy */;
		};
		F6D9B5F82805675A00755389 /* PBXTargetDependency */ = {
			isa = PBXTargetDependency;
			target = F6D9B5DB2805675000755389 /* firstApplication12042022 */;
			targetProxy = F6D9B5F72805675A00755389 /* PBXContainerItemProxy */;
		};
/* End PBXTargetDependency section */

/* Begin XCBuildConfiguration section */
		F6D9B5FE2805675A00755389 /* Debug */ = {
			isa = XCBuildConfiguration;
			buildSettings = {
				ALWAYS_SEARCH_USER_PATHS = NO;
				CLANG_ANALYZER_NONNULL = YES;
				CLANG_ANALYZER_NUMBER_OBJECT_CONVERSION = YES_AGGRESSIVE;
				CLANG_CXX_LANGUAGE_STANDARD = "gnu++17";
				CLANG_ENABLE_MODULES = YES;
				CLANG_ENABLE_OBJC_ARC = YES;
				CLANG_ENABLE_OBJC_WEAK = YES;
				CLANG_WARN_BLOCK_CAPTURE_AUTORELEASING = YES;
				CLANG_WARN_BOOL_CONVERSION = YES;
				CLANG_WARN_COMMA = YES;
				CLANG_WARN_CONSTANT_CONVERSION = YES;
				CLANG_WARN_DEPRECATED_OBJC_IMPLEMENTATIONS = YES;
				CLANG_WARN_DIRECT_OBJC_ISA_USAGE = YES_ERROR;
				CLANG_WARN_DOCUMENTATION_COMMENTS = YES;
				CLANG_WARN_EMPTY_BODY = YES;
				CLANG_WARN_ENUM_CONVERSION = YES;
				CLANG_WARN_INFINITE_RECURSION = YES;
				CLANG_WARN_INT_CONVERSION = YES;
				CLANG_WARN_NON_LITERAL_NULL_CONVERSION = YES;
				CLANG_WARN_OBJC_IMPLICIT_RETAIN_SELF = YES;
				CLANG_WARN_OBJC_LITERAL_CONVERSION = YES;
				CLANG_WARN_OBJC_ROOT_CLASS = YES_ERROR;
				CLANG_WARN_QUOTED_INCLUDE_IN_FRAMEWORK_HEADER = YES;
				CLANG_WARN_RANGE_LOOP_ANALYSIS = YES;
				CLANG_WARN_STRICT_PROTOTYPES = YES;
				CLANG_WARN_SUSPICIOUS_MOVE = YES;
				CLANG_WARN_UNGUARDED_AVAILABILITY = YES_AGGRESSIVE;
				CLANG_WARN_UNREACHABLE_CODE = YES;
				CLANG_WARN__DUPLICATE_METHOD_MATCH = YES;
				COPY_PHASE_STRIP = NO;
				DEBUG_INFORMATION_FORMAT = dwarf;
				ENABLE_STRICT_OBJC_MSGSEND = YES;
				ENABLE_TESTABILITY = YES;
				GCC_C_LANGUAGE_STANDARD = gnu11;
				GCC_DYNAMIC_NO_PIC = NO;
				GCC_NO_COMMON_BLOCKS = YES;
				GCC_OPTIMIZATION_LEVEL = 0;
				GCC_PREPROCESSOR_DEFINITIONS = (
					"DEBUG=1",
					"$(inherited)",
				);
				GCC_WARN_64_TO_32_BIT_CONVERSION = YES;
				GCC_WARN_ABOUT_RETURN_TYPE = YES_ERROR;
				GCC_WARN_UNDECLARED_SELECTOR = YES;
				GCC_WARN_UNINITIALIZED_AUTOS = YES_AGGRESSIVE;
				GCC_WARN_UNUSED_FUNCTION = YES;
				GCC_WARN_UNUSED_VARIABLE = YES;
				IPHONEOS_DEPLOYMENT_TARGET = 15.4;
				MTL_ENABLE_DEBUG_INFO = INCLUDE_SOURCE;
				MTL_FAST_MATH = YES;
				ONLY_ACTIVE_ARCH = YES;
				SDKROOT = iphoneos;
				SWIFT_ACTIVE_COMPILATION_CONDITIONS = DEBUG;
				SWIFT_OPTIMIZATION_LEVEL = "-Onone";
			};
			name = Debug;
		};
		F6D9B5FF2805675A00755389 /* Release */ = {
			isa = XCBuildConfiguration;
			buildSettings = {
				ALWAYS_SEARCH_USER_PATHS = NO;
				CLANG_ANALYZER_NONNULL = YES;
				CLANG_ANALYZER_NUMBER_OBJECT_CONVERSION = YES_AGGRESSIVE;
				CLANG_CXX_LANGUAGE_STANDARD = "gnu++17";
				CLANG_ENABLE_MODULES = YES;
				CLANG_ENABLE_OBJC_ARC = YES;
				CLANG_ENABLE_OBJC_WEAK = YES;
				CLANG_WARN_BLOCK_CAPTURE_AUTORELEASING = YES;
				CLANG_WARN_BOOL_CONVERSION = YES;
				CLANG_WARN_COMMA = YES;
				CLANG_WARN_CONSTANT_CONVERSION = YES;
				CLANG_WARN_DEPRECATED_OBJC_IMPLEMENTATIONS = YES;
				CLANG_WARN_DIRECT_OBJC_ISA_USAGE = YES_ERROR;
				CLANG_WARN_DOCUMENTATION_COMMENTS = YES;
				CLANG_WARN_EMPTY_BODY = YES;
				CLANG_WARN_ENUM_CONVERSION = YES;
				CLANG_WARN_INFINITE_RECURSION = YES;
				CLANG_WARN_INT_CONVERSION = YES;
				CLANG_WARN_NON_LITERAL_NULL_CONVERSION = YES;
				CLANG_WARN_OBJC_IMPLICIT_RETAIN_SELF = YES;
				CLANG_WARN_OBJC_LITERAL_CONVERSION = YES;
				CLANG_WARN_OBJC_ROOT_CLASS = YES_ERROR;
				CLANG_WARN_QUOTED_INCLUDE_IN_FRAMEWORK_HEADER = YES;
				CLANG_WARN_RANGE_LOOP_ANALYSIS = YES;
				CLANG_WARN_STRICT_PROTOTYPES = YES;
				CLANG_WARN_SUSPICIOUS_MOVE = YES;
				CLANG_WARN_UNGUARDED_AVAILABILITY = YES_AGGRESSIVE;
				CLANG_WARN_UNREACHABLE_CODE = YES;
				CLANG_WARN__DUPLICATE_METHOD_MATCH = YES;
				COPY_PHASE_STRIP = NO;
				DEBUG_INFORMATION_FORMAT = "dwarf-with-dsym";
				ENABLE_NS_ASSERTIONS = NO;
				ENABLE_STRICT_OBJC_MSGSEND = YES;
				GCC_C_LANGUAGE_STANDARD = gnu11;
				GCC_NO_COMMON_BLOCKS = YES;
				GCC_WARN_64_TO_32_BIT_CONVERSION = YES;
				GCC_WARN_ABOUT_RETURN_TYPE = YES_ERROR;
				GCC_WARN_UNDECLARED_SELECTOR = YES;
				GCC_WARN_UNINITIALIZED_AUTOS = YES_AGGRESSIVE;
				GCC_WARN_UNUSED_FUNCTION = YES;
				GCC_WARN_UNUSED_VARIABLE = YES;
				IPHONEOS_DEPLOYMENT_TARGET = 15.4;
				MTL_ENABLE_DEBUG_INFO = NO;
				MTL_FAST_MATH = YES;
				SDKROOT = iphoneos;
				SWIFT_COMPILATION_MODE = wholemodule;
				SWIFT_OPTIMIZATION_LEVEL = "-O";
				VALIDATE_PRODUCT = YES;
			};
			name = Release;
		};
		F6D9B6012805675A00755389 /* Debug */ = {
			isa = XCBuildConfiguration;
			buildSettings = {
				ASSETCATALOG_COMPILER_APPICON_NAME = AppIcon;
				ASSETCATALOG_COMPILER_GLOBAL_ACCENT_COLOR_NAME = AccentColor;
				CODE_SIGN_STYLE = Automatic;
				CURRENT_PROJECT_VERSION = 1;
				DEVELOPMENT_ASSET_PATHS = "\"firstApplication12042022/Preview Content\"";
				DEVELOPMENT_TEAM = AYQKWKQJL2;
				ENABLE_PREVIEWS = YES;
				GENERATE_INFOPLIST_FILE = YES;
				INFOPLIST_FILE = firstApplication12042022/Info.plist;
				INFOPLIST_KEY_UIApplicationSceneManifest_Generation = YES;
				INFOPLIST_KEY_UIApplicationSupportsIndirectInputEvents = YES;
				INFOPLIST_KEY_UILaunchScreen_Generation = YES;
				INFOPLIST_KEY_UIRequiresFullScreen = YES;
				INFOPLIST_KEY_UIStatusBarHidden = NO;
				INFOPLIST_KEY_UISupportedInterfaceOrientations = UIInterfaceOrientationPortrait;
				INFOPLIST_KEY_UISupportedInterfaceOrientations_iPad = "UIInterfaceOrientationPortrait UIInterfaceOrientationPortraitUpsideDown UIInterfaceOrientationLandscapeLeft UIInterfaceOrientationLandscapeRight";
				INFOPLIST_KEY_UISupportedInterfaceOrientations_iPhone = "UIInterfaceOrientationPortrait UIInterfaceOrientationLandscapeLeft UIInterfaceOrientationLandscapeRight";
				LD_RUNPATH_SEARCH_PATHS = (
					"$(inherited)",
					"@executable_path/Frameworks",
				);
				MARKETING_VERSION = 1.0;
				PRODUCT_BUNDLE_IDENTIFIER = lightphoenix.firstApplication12042022;
				PRODUCT_NAME = "$(TARGET_NAME)";
				SWIFT_EMIT_LOC_STRINGS = YES;
				SWIFT_VERSION = 5.0;
				TARGETED_DEVICE_FAMILY = "1,2";
			};
			name = Debug;
		};
		F6D9B6022805675A00755389 /* Release */ = {
			isa = XCBuildConfiguration;
			buildSettings = {
				ASSETCATALOG_COMPILER_APPICON_NAME = AppIcon;
				ASSETCATALOG_COMPILER_GLOBAL_ACCENT_COLOR_NAME = AccentColor;
				CODE_SIGN_STYLE = Automatic;
				CURRENT_PROJECT_VERSION = 1;
				DEVELOPMENT_ASSET_PATHS = "\"firstApplication12042022/Preview Content\"";
				DEVELOPMENT_TEAM = AYQKWKQJL2;
				ENABLE_PREVIEWS = YES;
				GENERATE_INFOPLIST_FILE = YES;
				INFOPLIST_FILE = firstApplication12042022/Info.plist;
				INFOPLIST_KEY_UIApplicationSceneManifest_Generation = YES;
				INFOPLIST_KEY_UIApplicationSupportsIndirectInputEvents = YES;
				INFOPLIST_KEY_UILaunchScreen_Generation = YES;
				INFOPLIST_KEY_UIRequiresFullScreen = YES;
				INFOPLIST_KEY_UIStatusBarHidden = NO;
				INFOPLIST_KEY_UISupportedInterfaceOrientations = UIInterfaceOrientationPortrait;
				INFOPLIST_KEY_UISupportedInterfaceOrientations_iPad = "UIInterfaceOrientationPortrait UIInterfaceOrientationPortraitUpsideDown UIInterfaceOrientationLandscapeLeft UIInterfaceOrientationLandscapeRight";
				INFOPLIST_KEY_UISupportedInterfaceOrientations_iPhone = "UIInterfaceOrientationPortrait UIInterfaceOrientationLandscapeLeft UIInterfaceOrientationLandscapeRight";
				LD_RUNPATH_SEARCH_PATHS = (
					"$(inherited)",
					"@executable_path/Frameworks",
				);
				MARKETING_VERSION = 1.0;
				PRODUCT_BUNDLE_IDENTIFIER = lightphoenix.firstApplication12042022;
				PRODUCT_NAME = "$(TARGET_NAME)";
				SWIFT_EMIT_LOC_STRINGS = YES;
				SWIFT_VERSION = 5.0;
				TARGETED_DEVICE_FAMILY = "1,2";
			};
			name = Release;
		};
		F6D9B6042805675A00755389 /* Debug */ = {
			isa = XCBuildConfiguration;
			buildSettings = {
				ALWAYS_EMBED_SWIFT_STANDARD_LIBRARIES = YES;
				BUNDLE_LOADER = "$(TEST_HOST)";
				CODE_SIGN_STYLE = Automatic;
				CURRENT_PROJECT_VERSION = 1;
				DEVELOPMENT_TEAM = AYQKWKQJL2;
				GENERATE_INFOPLIST_FILE = YES;
				IPHONEOS_DEPLOYMENT_TARGET = 15.4;
				MARKETING_VERSION = 1.0;
				PRODUCT_BUNDLE_IDENTIFIER = lightphoenix.firstApplication12042022Tests;
				PRODUCT_NAME = "$(TARGET_NAME)";
				SWIFT_EMIT_LOC_STRINGS = NO;
				SWIFT_VERSION = 5.0;
				TARGETED_DEVICE_FAMILY = "1,2";
				TEST_HOST = "$(BUILT_PRODUCTS_DIR)/firstApplication12042022.app/firstApplication12042022";
			};
			name = Debug;
		};
		F6D9B6052805675A00755389 /* Release */ = {
			isa = XCBuildConfiguration;
			buildSettings = {
				ALWAYS_EMBED_SWIFT_STANDARD_LIBRARIES = YES;
				BUNDLE_LOADER = "$(TEST_HOST)";
				CODE_SIGN_STYLE = Automatic;
				CURRENT_PROJECT_VERSION = 1;
				DEVELOPMENT_TEAM = AYQKWKQJL2;
				GENERATE_INFOPLIST_FILE = YES;
				IPHONEOS_DEPLOYMENT_TARGET = 15.4;
				MARKETING_VERSION = 1.0;
				PRODUCT_BUNDLE_IDENTIFIER = lightphoenix.firstApplication12042022Tests;
				PRODUCT_NAME = "$(TARGET_NAME)";
				SWIFT_EMIT_LOC_STRINGS = NO;
				SWIFT_VERSION = 5.0;
				TARGETED_DEVICE_FAMILY = "1,2";
				TEST_HOST = "$(BUILT_PRODUCTS_DIR)/firstApplication12042022.app/firstApplication12042022";
			};
			name = Release;
		};
		F6D9B6072805675A00755389 /* Debug */ = {
			isa = XCBuildConfiguration;
			buildSettings = {
				ALWAYS_EMBED_SWIFT_STANDARD_LIBRARIES = YES;
				CODE_SIGN_STYLE = Automatic;
				CURRENT_PROJECT_VERSION = 1;
				DEVELOPMENT_TEAM = AYQKWKQJL2;
				GENERATE_INFOPLIST_FILE = YES;
				MARKETING_VERSION = 1.0;
				PRODUCT_BUNDLE_IDENTIFIER = lightphoenix.firstApplication12042022UITests;
				PRODUCT_NAME = "$(TARGET_NAME)";
				SWIFT_EMIT_LOC_STRINGS = NO;
				SWIFT_VERSION = 5.0;
				TARGETED_DEVICE_FAMILY = "1,2";
				TEST_TARGET_NAME = firstApplication12042022;
			};
			name = Debug;
		};
		F6D9B6082805675A00755389 /* Release */ = {
			isa = XCBuildConfiguration;
			buildSettings = {
				ALWAYS_EMBED_SWIFT_STANDARD_LIBRARIES = YES;
				CODE_SIGN_STYLE = Automatic;
				CURRENT_PROJECT_VERSION = 1;
				DEVELOPMENT_TEAM = AYQKWKQJL2;
				GENERATE_INFOPLIST_FILE = YES;
				MARKETING_VERSION = 1.0;
				PRODUCT_BUNDLE_IDENTIFIER = lightphoenix.firstApplication12042022UITests;
				PRODUCT_NAME = "$(TARGET_NAME)";
				SWIFT_EMIT_LOC_STRINGS = NO;
				SWIFT_VERSION = 5.0;
				TARGETED_DEVICE_FAMILY = "1,2";
				TEST_TARGET_NAME = firstApplication12042022;
			};
			name = Release;
		};
/* End XCBuildConfiguration section */

/* Begin XCConfigurationList section */
		F6D9B5D72805675000755389 /* Build configuration list for PBXProject "firstApplication12042022" */ = {
			isa = XCConfigurationList;
			buildConfigurations = (
				F6D9B5FE2805675A00755389 /* Debug */,
				F6D9B5FF2805675A00755389 /* Release */,
			);
			defaultConfigurationIsVisible = 0;
			defaultConfigurationName = Release;
		};
		F6D9B6002805675A00755389 /* Build configuration list for PBXNativeTarget "firstApplication12042022" */ = {
			isa = XCConfigurationList;
			buildConfigurations = (
				F6D9B6012805675A00755389 /* Debug */,
				F6D9B6022805675A00755389 /* Release */,
			);
			defaultConfigurationIsVisible = 0;
			defaultConfigurationName = Release;
		};
		F6D9B6032805675A00755389 /* Build configuration list for PBXNativeTarget "firstApplication12042022Tests" */ = {
			isa = XCConfigurationList;
			buildConfigurations = (
				F6D9B6042805675A00755389 /* Debug */,
				F6D9B6052805675A00755389 /* Release */,
			);
			defaultConfigurationIsVisible = 0;
			defaultConfigurationName = Release;
		};
		F6D9B6062805675A00755389 /* Build configuration list for PBXNativeTarget "firstApplication12042022UITests" */ = {
			isa = XCConfigurationList;
			buildConfigurations = (
				F6D9B6072805675A00755389 /* Debug */,
				F6D9B6082805675A00755389 /* Release */,
			);
			defaultConfigurationIsVisible = 0;
			defaultConfigurationName = Release;
		};
/* End XCConfigurationList section */
	};
	rootObject = F6D9B5D42805675000755389 /* Project object */;
}
